
Microsoft Visual Studio Solution File, Format Version 12.00
# Visual Studio Version 17
VisualStudioVersion = 17.11.35222.181
MinimumVisualStudioVersion = 10.0.40219.1
Project("{FAE04EC0-301F-11D3-BF4B-00C04F79EFBC}") = "Task1", "1\Task1.csproj", "{FF61E7ED-327E-41E1-9862-ABBD23D5DAE7}"
EndProject
Project("{FAE04EC0-301F-11D3-BF4B-00C04F79EFBC}") = "Task2", "2\Task2.csproj", "{99386C8C-A5DF-45DE-AFBD-EC5DF98BDA13}"
EndProject
Project("{FAE04EC0-301F-11D3-BF4B-00C04F79EFBC}") = "Task3", "3\Task3.csproj", "{EB16DEEF-7ED4-40F4-866C-9B019C50B523}"
EndProject
Project("{FAE04EC0-301F-11D3-BF4B-00C04F79EFBC}") = "Task4", "4\Task4.csproj", "{D1CEF913-EAF5-478D-8DE0-28EC1D948FF3}"
EndProject
Project("{FAE04EC0-301F-11D3-BF4B-00C04F79EFBC}") = "Task5", "5\Task5.csproj", "{4F91A709-89AE-426D-9CDD-DCCA99147F16}"
EndProject
Project("{FAE04EC0-301F-11D3-BF4B-00C04F79EFBC}") = "Task6", "6\Task6.csproj", "{1F0CB1D8-8E77-43B9-A95F-3609C314B1D9}"
EndProject
Project("{FAE04EC0-301F-11D3-BF4B-00C04F79EFBC}") = "Task7", "7\Task7.csproj", "{B8DAF804-79E3-43B2-A3D6-38A667F41FCB}"
EndProject
Project("{FAE04EC0-301F-11D3-BF4B-00C04F79EFBC}") = "Task8", "8\Task8.csproj", "{95B8E959-FF07-42A7-B3AF-143B899038D3}"
EndProject
Project("{FAE04EC0-301F-11D3-BF4B-00C04F79EFBC}") = "Task9", "9\Task9.csproj", "{78A71E4C-F7B0-4B77-B154-D1FA10CE881A}"
EndProject
Project("{FAE04EC0-301F-11D3-BF4B-00C04F79EFBC}") = "Task10", "10\Task10.csproj", "{CF7A2919-B4BB-4533-AEF1-478EBBFCF58D}"
EndProject
Project("{FAE04EC0-301F-11D3-BF4B-00C04F79EFBC}") = "Task11", "Task11\Task11.csproj", "{78C20DB6-66FF-406E-9F62-3C7507306874}"
EndProject
Project("{FAE04EC0-301F-11D3-BF4B-00C04F79EFBC}") = "Task12", "Task12\Task12.csproj", "{8CF4D6C2-5DBD-4B48-B2AF-A8AE61AEBAA6}"
EndProject
Global
	GlobalSection(SolutionConfigurationPlatforms) = preSolution
		Debug|Any CPU = Debug|Any CPU
		Release|Any CPU = Release|Any CPU
	EndGlobalSection
	GlobalSection(ProjectConfigurationPlatforms) = postSolution
		{FF61E7ED-327E-41E1-9862-ABBD23D5DAE7}.Debug|Any CPU.ActiveCfg = Debug|Any CPU
		{FF61E7ED-327E-41E1-9862-ABBD23D5DAE7}.Debug|Any CPU.Build.0 = Debug|Any CPU
		{FF61E7ED-327E-41E1-9862-ABBD23D5DAE7}.Release|Any CPU.ActiveCfg = Release|Any CPU
		{FF61E7ED-327E-41E1-9862-ABBD23D5DAE7}.Release|Any CPU.Build.0 = Release|Any CPU
		{99386C8C-A5DF-45DE-AFBD-EC5DF98BDA13}.Debug|Any CPU.ActiveCfg = Debug|Any CPU
		{99386C8C-A5DF-45DE-AFBD-EC5DF98BDA13}.Debug|Any CPU.Build.0 = Debug|Any CPU
		{99386C8C-A5DF-45DE-AFBD-EC5DF98BDA13}.Release|Any CPU.ActiveCfg = Release|Any CPU
		{99386C8C-A5DF-45DE-AFBD-EC5DF98BDA13}.Release|Any CPU.Build.0 = Release|Any CPU
		{EB16DEEF-7ED4-40F4-866C-9B019C50B523}.Debug|Any CPU.ActiveCfg = Debug|Any CPU
		{EB16DEEF-7ED4-40F4-866C-9B019C50B523}.Debug|Any CPU.Build.0 = Debug|Any CPU
		{EB16DEEF-7ED4-40F4-866C-9B019C50B523}.Release|Any CPU.ActiveCfg = Release|Any CPU
		{EB16DEEF-7ED4-40F4-866C-9B019C50B523}.Release|Any CPU.Build.0 = Release|Any CPU
		{D1CEF913-EAF5-478D-8DE0-28EC1D948FF3}.Debug|Any CPU.ActiveCfg = Debug|Any CPU
		{D1CEF913-EAF5-478D-8DE0-28EC1D948FF3}.Debug|Any CPU.Build.0 = Debug|Any CPU
		{D1CEF913-EAF5-478D-8DE0-28EC1D948FF3}.Release|Any CPU.ActiveCfg = Release|Any CPU
		{D1CEF913-EAF5-478D-8DE0-28EC1D948FF3}.Release|Any CPU.Build.0 = Release|Any CPU
		{4F91A709-89AE-426D-9CDD-DCCA99147F16}.Debug|Any CPU.ActiveCfg = Debug|Any CPU
		{4F91A709-89AE-426D-9CDD-DCCA99147F16}.Debug|Any CPU.Build.0 = Debug|Any CPU
		{4F91A709-89AE-426D-9CDD-DCCA99147F16}.Release|Any CPU.ActiveCfg = Release|Any CPU
		{4F91A709-89AE-426D-9CDD-DCCA99147F16}.Release|Any CPU.Build.0 = Release|Any CPU
		{1F0CB1D8-8E77-43B9-A95F-3609C314B1D9}.Debug|Any CPU.ActiveCfg = Debug|Any CPU
		{1F0CB1D8-8E77-43B9-A95F-3609C314B1D9}.Debug|Any CPU.Build.0 = Debug|Any CPU
		{1F0CB1D8-8E77-43B9-A95F-3609C314B1D9}.Release|Any CPU.ActiveCfg = Release|Any CPU
		{1F0CB1D8-8E77-43B9-A95F-3609C314B1D9}.Release|Any CPU.Build.0 = Release|Any CPU
		{B8DAF804-79E3-43B2-A3D6-38A667F41FCB}.Debug|Any CPU.ActiveCfg = Debug|Any CPU
		{B8DAF804-79E3-43B2-A3D6-38A667F41FCB}.Debug|Any CPU.Build.0 = Debug|Any CPU
		{B8DAF804-79E3-43B2-A3D6-38A667F41FCB}.Release|Any CPU.ActiveCfg = Release|Any CPU
		{B8DAF804-79E3-43B2-A3D6-38A667F41FCB}.Release|Any CPU.Build.0 = Release|Any CPU
		{95B8E959-FF07-42A7-B3AF-143B899038D3}.Debug|Any CPU.ActiveCfg = Debug|Any CPU
		{95B8E959-FF07-42A7-B3AF-143B899038D3}.Debug|Any CPU.Build.0 = Debug|Any CPU
		{95B8E959-FF07-42A7-B3AF-143B899038D3}.Release|Any CPU.ActiveCfg = Release|Any CPU
		{95B8E959-FF07-42A7-B3AF-143B899038D3}.Release|Any CPU.Build.0 = Release|Any CPU
		{78A71E4C-F7B0-4B77-B154-D1FA10CE881A}.Debug|Any CPU.ActiveCfg = Debug|Any CPU
		{78A71E4C-F7B0-4B77-B154-D1FA10CE881A}.Debug|Any CPU.Build.0 = Debug|Any CPU
		{78A71E4C-F7B0-4B77-B154-D1FA10CE881A}.Release|Any CPU.ActiveCfg = Release|Any CPU
		{78A71E4C-F7B0-4B77-B154-D1FA10CE881A}.Release|Any CPU.Build.0 = Release|Any CPU
		{CF7A2919-B4BB-4533-AEF1-478EBBFCF58D}.Debug|Any CPU.ActiveCfg = Debug|Any CPU
		{CF7A2919-B4BB-4533-AEF1-478EBBFCF58D}.Debug|Any CPU.Build.0 = Debug|Any CPU
		{CF7A2919-B4BB-4533-AEF1-478EBBFCF58D}.Release|Any CPU.ActiveCfg = Release|Any CPU
		{CF7A2919-B4BB-4533-AEF1-478EBBFCF58D}.Release|Any CPU.Build.0 = Release|Any CPU
		{78C20DB6-66FF-406E-9F62-3C7507306874}.Debug|Any CPU.ActiveCfg = Debug|Any CPU
		{78C20DB6-66FF-406E-9F62-3C7507306874}.Debug|Any CPU.Build.0 = Debug|Any CPU
		{78C20DB6-66FF-406E-9F62-3C7507306874}.Release|Any CPU.ActiveCfg = Release|Any CPU
		{78C20DB6-66FF-406E-9F62-3C7507306874}.Release|Any CPU.Build.0 = Release|Any CPU
		{8CF4D6C2-5DBD-4B48-B2AF-A8AE61AEBAA6}.Debug|Any CPU.ActiveCfg = Debug|Any CPU
		{8CF4D6C2-5DBD-4B48-B2AF-A8AE61AEBAA6}.Debug|Any CPU.Build.0 = Debug|Any CPU
		{8CF4D6C2-5DBD-4B48-B2AF-A8AE61AEBAA6}.Release|Any CPU.ActiveCfg = Release|Any CPU
		{8CF4D6C2-5DBD-4B48-B2AF-A8AE61AEBAA6}.Release|Any CPU.Build.0 = Release|Any CPU
	EndGlobalSection
	GlobalSection(SolutionProperties) = preSolution
		HideSolutionNode = FALSE
	EndGlobalSection
	GlobalSection(ExtensibilityGlobals) = postSolution
		SolutionGuid = {F84EA750-F8DA-4B6C-874C-E9B4CEE298C2}
	EndGlobalSection
EndGlobal
